
Microsoft Visual Studio Solution File, Format Version 12.00
Project("{9A19103F-16F7-4668-BE54-9A1E7A4F7556}") = "_build", "build\_build.csproj", "{A91432F9-0C35-442C-AB88-00F9D9EA3186}"
EndProject
Project("{FAE04EC0-301F-11D3-BF4B-00C04F79EFBC}") = "FastDateTester", "src\FastDateTester\FastDateTester.csproj", "{62213A03-1E43-4719-9EF6-9C404F924775}"
EndProject
Project("{FAE04EC0-301F-11D3-BF4B-00C04F79EFBC}") = "FastDate", "src\FastDate\FastDate.csproj", "{F4D28334-4230-416F-80FB-F6E3A25623EA}"
EndProject
Global
	GlobalSection(SolutionConfigurationPlatforms) = preSolution
		Debug|Any CPU = Debug|Any CPU
		Release|Any CPU = Release|Any CPU
	EndGlobalSection
	GlobalSection(ProjectConfigurationPlatforms) = postSolution
		{A91432F9-0C35-442C-AB88-00F9D9EA3186}.Debug|Any CPU.ActiveCfg = Debug|Any CPU
		{A91432F9-0C35-442C-AB88-00F9D9EA3186}.Release|Any CPU.ActiveCfg = Release|Any CPU
		{62213A03-1E43-4719-9EF6-9C404F924775}.Debug|Any CPU.ActiveCfg = Debug|Any CPU
		{62213A03-1E43-4719-9EF6-9C404F924775}.Debug|Any CPU.Build.0 = Debug|Any CPU
		{62213A03-1E43-4719-9EF6-9C404F924775}.Release|Any CPU.ActiveCfg = Release|Any CPU
		{62213A03-1E43-4719-9EF6-9C404F924775}.Release|Any CPU.Build.0 = Release|Any CPU
		{F4D28334-4230-416F-80FB-F6E3A25623EA}.Debug|Any CPU.ActiveCfg = Debug|Any CPU
		{F4D28334-4230-416F-80FB-F6E3A25623EA}.Debug|Any CPU.Build.0 = Debug|Any CPU
		{F4D28334-4230-416F-80FB-F6E3A25623EA}.Release|Any CPU.ActiveCfg = Release|Any CPU
		{F4D28334-4230-416F-80FB-F6E3A25623EA}.Release|Any CPU.Build.0 = Release|Any CPU
	EndGlobalSection
EndGlobal
